
Microsoft Visual Studio Solution File, Format Version 12.00
# Visual Studio Version 17
VisualStudioVersion = 17.14.36429.23 d17.14
MinimumVisualStudioVersion = 10.0.40219.1
Project("{2150E333-8FDC-42A3-9474-1A3956D46DE8}") = "Task0", "Task0", "{02EA681E-C7D8-13C7-8484-4AC65E1B71E8}"
EndProject
Project("{FAE04EC0-301F-11D3-BF4B-00C04F79EFBC}") = "Tyuiu.GurinchukAV.Sprint5.Task0.V10", "Tyuiu.GurinchukAV.Sprint5.Task0.V10\Tyuiu.GurinchukAV.Sprint5.Task0.V10.csproj", "{50426A28-6F1C-4C9C-96D9-554E897EBF62}"
EndProject
Project("{FAE04EC0-301F-11D3-BF4B-00C04F79EFBC}") = "Tyuiu.GurinchukAV.Sprint5.Task0.V10.Lib", "Tyuiu.GurinchukAV.Sprint5.Task0.V10.Lib\Tyuiu.GurinchukAV.Sprint5.Task0.V10.Lib.csproj", "{EB857C61-19F5-4BD2-A284-48E2078134F6}"
EndProject
Project("{FAE04EC0-301F-11D3-BF4B-00C04F79EFBC}") = "Tyuiu.GurinchukAV.Sprint5.Task0.V10.Test", "Tyuiu.GurinchukAV.Sprint5.Task0.V10.Test\Tyuiu.GurinchukAV.Sprint5.Task0.V10.Test.csproj", "{40BAE2EC-4FD3-40B3-B80C-7EED5B4DC833}"
EndProject
Project("{2150E333-8FDC-42A3-9474-1A3956D46DE8}") = "Task1", "Task1", "{DF0DF77E-3CC8-4099-BD20-C87B8CFC7ECA}"
EndProject
Project("{FAE04EC0-301F-11D3-BF4B-00C04F79EFBC}") = "Tyuiu.GurinchukAV.Sprint5.Task1.V8", "Tyuiu.GurinchukAV.Sprint5.Task1.V8\Tyuiu.GurinchukAV.Sprint5.Task1.V8.csproj", "{6FF16256-244F-436F-B498-47E9E7D9748A}"
EndProject
Project("{FAE04EC0-301F-11D3-BF4B-00C04F79EFBC}") = "Tyuiu.GurinchukAV.Sprint5.Task1.V8.Lib", "Tyuiu.GurinchukAV.Sprint5.Task1.V8.Lib\Tyuiu.GurinchukAV.Sprint5.Task1.V8.Lib.csproj", "{69C3A735-3C37-4299-A824-17A6D7018271}"
EndProject
Project("{FAE04EC0-301F-11D3-BF4B-00C04F79EFBC}") = "Tyuiu.GurinchukAV.Sprint5.Task1.V8.Test", "Tyuiu.GurinchukAV.Sprint5.Task1.V8.Test\Tyuiu.GurinchukAV.Sprint5.Task1.V8.Test.csproj", "{1ED8900B-D04B-4364-A0BD-26A88ECA3C5B}"
EndProject
Project("{2150E333-8FDC-42A3-9474-1A3956D46DE8}") = "Task2", "Task2", "{5F97403F-74AC-4EEB-85EC-3E0CBF88F872}"
EndProject
Project("{FAE04EC0-301F-11D3-BF4B-00C04F79EFBC}") = "Tyuiu.GurinchukAV.Sprint5.Task2.V1", "Tyuiu.GurinchukAV.Sprint5.Task2.V1\Tyuiu.GurinchukAV.Sprint5.Task2.V1.csproj", "{EBC96489-B61F-4FCF-98FE-862577014572}"
EndProject
Project("{FAE04EC0-301F-11D3-BF4B-00C04F79EFBC}") = "Tyuiu.GurinchukAV.Sprint5.Task2.V1.Lib", "Tyuiu.GurinchukAV.Sprint5.Task2.V1.Lib\Tyuiu.GurinchukAV.Sprint5.Task2.V1.Lib.csproj", "{42F8B6E5-6803-4060-8397-AA3A3184A7FD}"
EndProject
Project("{FAE04EC0-301F-11D3-BF4B-00C04F79EFBC}") = "Tyuiu.GurinchukAV.Sprint5.Task2.V1.Test", "Tyuiu.GurinchukAV.Sprint5.Task2.V1.Test\Tyuiu.GurinchukAV.Sprint5.Task2.V1.Test.csproj", "{9897F9D9-F1C1-4575-A39F-D269C810DAFC}"
EndProject
Project("{2150E333-8FDC-42A3-9474-1A3956D46DE8}") = "Task3", "Task3", "{768E7C84-6B95-493A-A432-F5563E844F3F}"
EndProject
Project("{FAE04EC0-301F-11D3-BF4B-00C04F79EFBC}") = "Tyuiu.GurinchukAV.Sprint5.Task3.V27", "Tyuiu.GurinchukAV.Sprint5.Task3.V27\Tyuiu.GurinchukAV.Sprint5.Task3.V27.csproj", "{97C7BFCF-E21A-40DD-8A9D-848E13CB4F15}"
EndProject
Project("{FAE04EC0-301F-11D3-BF4B-00C04F79EFBC}") = "Tyuiu.GurinchukAV.Sprint5.Task3.V27.Lib", "Tyuiu.GurinchukAV.Sprint5.Task3.V27.Lib\Tyuiu.GurinchukAV.Sprint5.Task3.V27.Lib.csproj", "{609A837D-CE1F-4A82-B313-AA5E2577D82C}"
EndProject
Project("{FAE04EC0-301F-11D3-BF4B-00C04F79EFBC}") = "Tyuiu.GurinchukAV.Sprint5.Task3.V27.Test", "Tyuiu.GurinchukAV.Sprint5.Task3.V27.Test\Tyuiu.GurinchukAV.Sprint5.Task3.V27.Test.csproj", "{65233B47-0927-48CB-BBB5-C3234D08978D}"
EndProject
Project("{2150E333-8FDC-42A3-9474-1A3956D46DE8}") = "Task4", "Task4", "{30D94CA4-E954-4F0D-A961-A8E900EBB573}"
EndProject
Project("{FAE04EC0-301F-11D3-BF4B-00C04F79EFBC}") = "Tyuiu.GurinchukAV.Sprint5.Task4.V1", "Tyuiu.GurinchukAV.Sprint5.Task4.V1\Tyuiu.GurinchukAV.Sprint5.Task4.V1.csproj", "{4DD498EC-8253-42B6-BA28-F0038C690E23}"
EndProject
Project("{FAE04EC0-301F-11D3-BF4B-00C04F79EFBC}") = "Tyuiu.GurinchukAV.Sprint5.Task4.V1.Lib", "Tyuiu.GurinchukAV.Sprint5.Task4.V1.Lib\Tyuiu.GurinchukAV.Sprint5.Task4.V1.Lib.csproj", "{BAE04A64-4981-4FB3-BFB3-E8152BD22F4A}"
EndProject
Project("{FAE04EC0-301F-11D3-BF4B-00C04F79EFBC}") = "Tyuiu.GurinchukAV.Sprint5.Task4.V1.Test", "Tyuiu.GurinchukAV.Sprint5.Task4.V1.Test\Tyuiu.GurinchukAV.Sprint5.Task4.V1.Test.csproj", "{1208C407-F929-45C5-880B-8003D19C5B7F}"
EndProject
Global
	GlobalSection(SolutionConfigurationPlatforms) = preSolution
		Debug|Any CPU = Debug|Any CPU
		Release|Any CPU = Release|Any CPU
	EndGlobalSection
	GlobalSection(ProjectConfigurationPlatforms) = postSolution
		{50426A28-6F1C-4C9C-96D9-554E897EBF62}.Debug|Any CPU.ActiveCfg = Debug|Any CPU
		{50426A28-6F1C-4C9C-96D9-554E897EBF62}.Debug|Any CPU.Build.0 = Debug|Any CPU
		{50426A28-6F1C-4C9C-96D9-554E897EBF62}.Release|Any CPU.ActiveCfg = Release|Any CPU
		{50426A28-6F1C-4C9C-96D9-554E897EBF62}.Release|Any CPU.Build.0 = Release|Any CPU
		{EB857C61-19F5-4BD2-A284-48E2078134F6}.Debug|Any CPU.ActiveCfg = Debug|Any CPU
		{EB857C61-19F5-4BD2-A284-48E2078134F6}.Debug|Any CPU.Build.0 = Debug|Any CPU
		{EB857C61-19F5-4BD2-A284-48E2078134F6}.Release|Any CPU.ActiveCfg = Release|Any CPU
		{EB857C61-19F5-4BD2-A284-48E2078134F6}.Release|Any CPU.Build.0 = Release|Any CPU
		{40BAE2EC-4FD3-40B3-B80C-7EED5B4DC833}.Debug|Any CPU.ActiveCfg = Debug|Any CPU
		{40BAE2EC-4FD3-40B3-B80C-7EED5B4DC833}.Debug|Any CPU.Build.0 = Debug|Any CPU
		{40BAE2EC-4FD3-40B3-B80C-7EED5B4DC833}.Release|Any CPU.ActiveCfg = Release|Any CPU
		{40BAE2EC-4FD3-40B3-B80C-7EED5B4DC833}.Release|Any CPU.Build.0 = Release|Any CPU
		{6FF16256-244F-436F-B498-47E9E7D9748A}.Debug|Any CPU.ActiveCfg = Debug|Any CPU
		{6FF16256-244F-436F-B498-47E9E7D9748A}.Debug|Any CPU.Build.0 = Debug|Any CPU
		{6FF16256-244F-436F-B498-47E9E7D9748A}.Release|Any CPU.ActiveCfg = Release|Any CPU
		{6FF16256-244F-436F-B498-47E9E7D9748A}.Release|Any CPU.Build.0 = Release|Any CPU
		{69C3A735-3C37-4299-A824-17A6D7018271}.Debug|Any CPU.ActiveCfg = Debug|Any CPU
		{69C3A735-3C37-4299-A824-17A6D7018271}.Debug|Any CPU.Build.0 = Debug|Any CPU
		{69C3A735-3C37-4299-A824-17A6D7018271}.Release|Any CPU.ActiveCfg = Release|Any CPU
		{69C3A735-3C37-4299-A824-17A6D7018271}.Release|Any CPU.Build.0 = Release|Any CPU
		{1ED8900B-D04B-4364-A0BD-26A88ECA3C5B}.Debug|Any CPU.ActiveCfg = Debug|Any CPU
		{1ED8900B-D04B-4364-A0BD-26A88ECA3C5B}.Debug|Any CPU.Build.0 = Debug|Any CPU
		{1ED8900B-D04B-4364-A0BD-26A88ECA3C5B}.Release|Any CPU.ActiveCfg = Release|Any CPU
		{1ED8900B-D04B-4364-A0BD-26A88ECA3C5B}.Release|Any CPU.Build.0 = Release|Any CPU
		{EBC96489-B61F-4FCF-98FE-862577014572}.Debug|Any CPU.ActiveCfg = Debug|Any CPU
		{EBC96489-B61F-4FCF-98FE-862577014572}.Debug|Any CPU.Build.0 = Debug|Any CPU
		{EBC96489-B61F-4FCF-98FE-862577014572}.Release|Any CPU.ActiveCfg = Release|Any CPU
		{EBC96489-B61F-4FCF-98FE-862577014572}.Release|Any CPU.Build.0 = Release|Any CPU
		{42F8B6E5-6803-4060-8397-AA3A3184A7FD}.Debug|Any CPU.ActiveCfg = Debug|Any CPU
		{42F8B6E5-6803-4060-8397-AA3A3184A7FD}.Debug|Any CPU.Build.0 = Debug|Any CPU
		{42F8B6E5-6803-4060-8397-AA3A3184A7FD}.Release|Any CPU.ActiveCfg = Release|Any CPU
		{42F8B6E5-6803-4060-8397-AA3A3184A7FD}.Release|Any CPU.Build.0 = Release|Any CPU
		{9897F9D9-F1C1-4575-A39F-D269C810DAFC}.Debug|Any CPU.ActiveCfg = Debug|Any CPU
		{9897F9D9-F1C1-4575-A39F-D269C810DAFC}.Debug|Any CPU.Build.0 = Debug|Any CPU
		{9897F9D9-F1C1-4575-A39F-D269C810DAFC}.Release|Any CPU.ActiveCfg = Release|Any CPU
		{9897F9D9-F1C1-4575-A39F-D269C810DAFC}.Release|Any CPU.Build.0 = Release|Any CPU
		{97C7BFCF-E21A-40DD-8A9D-848E13CB4F15}.Debug|Any CPU.ActiveCfg = Debug|Any CPU
		{97C7BFCF-E21A-40DD-8A9D-848E13CB4F15}.Debug|Any CPU.Build.0 = Debug|Any CPU
		{97C7BFCF-E21A-40DD-8A9D-848E13CB4F15}.Release|Any CPU.ActiveCfg = Release|Any CPU
		{97C7BFCF-E21A-40DD-8A9D-848E13CB4F15}.Release|Any CPU.Build.0 = Release|Any CPU
		{609A837D-CE1F-4A82-B313-AA5E2577D82C}.Debug|Any CPU.ActiveCfg = Debug|Any CPU
		{609A837D-CE1F-4A82-B313-AA5E2577D82C}.Debug|Any CPU.Build.0 = Debug|Any CPU
		{609A837D-CE1F-4A82-B313-AA5E2577D82C}.Release|Any CPU.ActiveCfg = Release|Any CPU
		{609A837D-CE1F-4A82-B313-AA5E2577D82C}.Release|Any CPU.Build.0 = Release|Any CPU
		{65233B47-0927-48CB-BBB5-C3234D08978D}.Debug|Any CPU.ActiveCfg = Debug|Any CPU
		{65233B47-0927-48CB-BBB5-C3234D08978D}.Debug|Any CPU.Build.0 = Debug|Any CPU
		{65233B47-0927-48CB-BBB5-C3234D08978D}.Release|Any CPU.ActiveCfg = Release|Any CPU
		{65233B47-0927-48CB-BBB5-C3234D08978D}.Release|Any CPU.Build.0 = Release|Any CPU
		{4DD498EC-8253-42B6-BA28-F0038C690E23}.Debug|Any CPU.ActiveCfg = Debug|Any CPU
		{4DD498EC-8253-42B6-BA28-F0038C690E23}.Debug|Any CPU.Build.0 = Debug|Any CPU
		{4DD498EC-8253-42B6-BA28-F0038C690E23}.Release|Any CPU.ActiveCfg = Release|Any CPU
		{4DD498EC-8253-42B6-BA28-F0038C690E23}.Release|Any CPU.Build.0 = Release|Any CPU
		{BAE04A64-4981-4FB3-BFB3-E8152BD22F4A}.Debug|Any CPU.ActiveCfg = Debug|Any CPU
		{BAE04A64-4981-4FB3-BFB3-E8152BD22F4A}.Debug|Any CPU.Build.0 = Debug|Any CPU
		{BAE04A64-4981-4FB3-BFB3-E8152BD22F4A}.Release|Any CPU.ActiveCfg = Release|Any CPU
		{BAE04A64-4981-4FB3-BFB3-E8152BD22F4A}.Release|Any CPU.Build.0 = Release|Any CPU
		{1208C407-F929-45C5-880B-8003D19C5B7F}.Debug|Any CPU.ActiveCfg = Debug|Any CPU
		{1208C407-F929-45C5-880B-8003D19C5B7F}.Debug|Any CPU.Build.0 = Debug|Any CPU
		{1208C407-F929-45C5-880B-8003D19C5B7F}.Release|Any CPU.ActiveCfg = Release|Any CPU
		{1208C407-F929-45C5-880B-8003D19C5B7F}.Release|Any CPU.Build.0 = Release|Any CPU
	EndGlobalSection
	GlobalSection(SolutionProperties) = preSolution
		HideSolutionNode = FALSE
	EndGlobalSection
	GlobalSection(NestedProjects) = preSolution
		{50426A28-6F1C-4C9C-96D9-554E897EBF62} = {02EA681E-C7D8-13C7-8484-4AC65E1B71E8}
		{EB857C61-19F5-4BD2-A284-48E2078134F6} = {02EA681E-C7D8-13C7-8484-4AC65E1B71E8}
		{40BAE2EC-4FD3-40B3-B80C-7EED5B4DC833} = {02EA681E-C7D8-13C7-8484-4AC65E1B71E8}
		{6FF16256-244F-436F-B498-47E9E7D9748A} = {DF0DF77E-3CC8-4099-BD20-C87B8CFC7ECA}
		{69C3A735-3C37-4299-A824-17A6D7018271} = {DF0DF77E-3CC8-4099-BD20-C87B8CFC7ECA}
		{1ED8900B-D04B-4364-A0BD-26A88ECA3C5B} = {DF0DF77E-3CC8-4099-BD20-C87B8CFC7ECA}
		{EBC96489-B61F-4FCF-98FE-862577014572} = {5F97403F-74AC-4EEB-85EC-3E0CBF88F872}
		{42F8B6E5-6803-4060-8397-AA3A3184A7FD} = {5F97403F-74AC-4EEB-85EC-3E0CBF88F872}
		{9897F9D9-F1C1-4575-A39F-D269C810DAFC} = {5F97403F-74AC-4EEB-85EC-3E0CBF88F872}
		{97C7BFCF-E21A-40DD-8A9D-848E13CB4F15} = {768E7C84-6B95-493A-A432-F5563E844F3F}
		{609A837D-CE1F-4A82-B313-AA5E2577D82C} = {768E7C84-6B95-493A-A432-F5563E844F3F}
		{65233B47-0927-48CB-BBB5-C3234D08978D} = {768E7C84-6B95-493A-A432-F5563E844F3F}
		{4DD498EC-8253-42B6-BA28-F0038C690E23} = {30D94CA4-E954-4F0D-A961-A8E900EBB573}
		{BAE04A64-4981-4FB3-BFB3-E8152BD22F4A} = {30D94CA4-E954-4F0D-A961-A8E900EBB573}
		{1208C407-F929-45C5-880B-8003D19C5B7F} = {30D94CA4-E954-4F0D-A961-A8E900EBB573}
	EndGlobalSection
	GlobalSection(ExtensibilityGlobals) = postSolution
		SolutionGuid = {7E885660-6C94-4F2F-8C08-59B1D0351F72}
	EndGlobalSection
EndGlobal
